
Microsoft Visual Studio Solution File, Format Version 12.00
# Visual Studio Version 17
VisualStudioVersion = 17.10.35013.160
MinimumVisualStudioVersion = 10.0.40219.1
Project("{FAE04EC0-301F-11D3-BF4B-00C04F79EFBC}") = "APIColas", "APIColas\APIColas.csproj", "{57436882-431D-4406-8B89-747118B0D6CA}"
EndProject
Global
	GlobalSection(SolutionConfigurationPlatforms) = preSolution
		Debug|Any CPU = Debug|Any CPU
		Release|Any CPU = Release|Any CPU
	EndGlobalSection
	GlobalSection(ProjectConfigurationPlatforms) = postSolution
		{57436882-431D-4406-8B89-747118B0D6CA}.Debug|Any CPU.ActiveCfg = Debug|Any CPU
		{57436882-431D-4406-8B89-747118B0D6CA}.Debug|Any CPU.Build.0 = Debug|Any CPU
		{57436882-431D-4406-8B89-747118B0D6CA}.Release|Any CPU.ActiveCfg = Release|Any CPU
		{57436882-431D-4406-8B89-747118B0D6CA}.Release|Any CPU.Build.0 = Release|Any CPU
	EndGlobalSection
	GlobalSection(SolutionProperties) = preSolution
		HideSolutionNode = FALSE
	EndGlobalSection
	GlobalSection(ExtensibilityGlobals) = postSolution
		SolutionGuid = {596B7455-2C5E-4224-A758-061223B34106}
	EndGlobalSection
EndGlobal
